// !$*UTF8*$!
{
	archiveVersion = 1;
	classes = {
	};
	objectVersion = 50;
	objects = {

/* Begin PBXBuildFile section */
		AA04339825754B9800BABCE1 /* KeyboardResponsive.swift in Sources */ = {isa = PBXBuildFile; fileRef = AA04339725754B9800BABCE1 /* KeyboardResponsive.swift */; };
		AA158B1F256FCD790055F55F /* WeatherAppApp.swift in Sources */ = {isa = PBXBuildFile; fileRef = AA158B1E256FCD790055F55F /* WeatherAppApp.swift */; };
		AA158B21256FCD790055F55F /* ContentView.swift in Sources */ = {isa = PBXBuildFile; fileRef = AA158B20256FCD790055F55F /* ContentView.swift */; };
		AA158B23256FCD7A0055F55F /* Assets.xcassets in Resources */ = {isa = PBXBuildFile; fileRef = AA158B22256FCD7A0055F55F /* Assets.xcassets */; };
		AA158B26256FCD7A0055F55F /* Preview Assets.xcassets in Resources */ = {isa = PBXBuildFile; fileRef = AA158B25256FCD7A0055F55F /* Preview Assets.xcassets */; };
		AA158B30256FCED40055F55F /* WeatherDataFromJSON.swift in Sources */ = {isa = PBXBuildFile; fileRef = AA158B2F256FCED40055F55F /* WeatherDataFromJSON.swift */; };
		AA3B74A52572F509002DCA8D /* config.swift in Sources */ = {isa = PBXBuildFile; fileRef = AA3B74A42572F509002DCA8D /* config.swift */; };
		AA934DE12570F78B00E2796A /* WeatherManager.swift in Sources */ = {isa = PBXBuildFile; fileRef = AA934DE02570F78B00E2796A /* WeatherManager.swift */; };
/* End PBXBuildFile section */

/* Begin PBXFileReference section */
		AA04339725754B9800BABCE1 /* KeyboardResponsive.swift */ = {isa = PBXFileReference; lastKnownFileType = sourcecode.swift; path = KeyboardResponsive.swift; sourceTree = "<group>"; };
		AA158B1B256FCD790055F55F /* WeatherApp.app */ = {isa = PBXFileReference; explicitFileType = wrapper.application; includeInIndex = 0; path = WeatherApp.app; sourceTree = BUILT_PRODUCTS_DIR; };
		AA158B1E256FCD790055F55F /* WeatherAppApp.swift */ = {isa = PBXFileReference; lastKnownFileType = sourcecode.swift; path = WeatherAppApp.swift; sourceTree = "<group>"; };
		AA158B20256FCD790055F55F /* ContentView.swift */ = {isa = PBXFileReference; lastKnownFileType = sourcecode.swift; path = ContentView.swift; sourceTree = "<group>"; };
		AA158B22256FCD7A0055F55F /* Assets.xcassets */ = {isa = PBXFileReference; lastKnownFileType = folder.assetcatalog; path = Assets.xcassets; sourceTree = "<group>"; };
		AA158B25256FCD7A0055F55F /* Preview Assets.xcassets */ = {isa = PBXFileReference; lastKnownFileType = folder.assetcatalog; path = "Preview Assets.xcassets"; sourceTree = "<group>"; };
		AA158B27256FCD7A0055F55F /* Info.plist */ = {isa = PBXFileReference; lastKnownFileType = text.plist.xml; path = Info.plist; sourceTree = "<group>"; };
		AA158B2E256FCEA10055F55F /* SampleJSON.geojson */ = {isa = PBXFileReference; lastKnownFileType = text; path = SampleJSON.geojson; sourceTree = "<group>"; };
		AA158B2F256FCED40055F55F /* WeatherDataFromJSON.swift */ = {isa = PBXFileReference; lastKnownFileType = sourcecode.swift; path = WeatherDataFromJSON.swift; sourceTree = "<group>"; };
		AA3B74A42572F509002DCA8D /* config.swift */ = {isa = PBXFileReference; lastKnownFileType = sourcecode.swift; path = config.swift; sourceTree = "<group>"; };
		AA934DE02570F78B00E2796A /* WeatherManager.swift */ = {isa = PBXFileReference; lastKnownFileType = sourcecode.swift; path = WeatherManager.swift; sourceTree = "<group>"; };
/* End PBXFileReference section */

/* Begin PBXFrameworksBuildPhase section */
		AA158B18256FCD790055F55F /* Frameworks */ = {
			isa = PBXFrameworksBuildPhase;
			buildActionMask = 2147483647;
			files = (
			);
			runOnlyForDeploymentPostprocessing = 0;
		};
/* End PBXFrameworksBuildPhase section */

/* Begin PBXGroup section */
		AA158B12256FCD790055F55F = {
			isa = PBXGroup;
			children = (
				AA158B1D256FCD790055F55F /* WeatherApp */,
				AA158B1C256FCD790055F55F /* Products */,
			);
			sourceTree = "<group>";
		};
		AA158B1C256FCD790055F55F /* Products */ = {
			isa = PBXGroup;
			children = (
				AA158B1B256FCD790055F55F /* WeatherApp.app */,
			);
			name = Products;
			sourceTree = "<group>";
		};
		AA158B1D256FCD790055F55F /* WeatherApp */ = {
			isa = PBXGroup;
			children = (
				AA158B1E256FCD790055F55F /* WeatherAppApp.swift */,
				AA158B20256FCD790055F55F /* ContentView.swift */,
				AA158B22256FCD7A0055F55F /* Assets.xcassets */,
				AA158B27256FCD7A0055F55F /* Info.plist */,
				AA158B24256FCD7A0055F55F /* Preview Content */,
				AA158B2E256FCEA10055F55F /* SampleJSON.geojson */,
				AA158B2F256FCED40055F55F /* WeatherDataFromJSON.swift */,
				AA934DE02570F78B00E2796A /* WeatherManager.swift */,
				AA3B74A42572F509002DCA8D /* config.swift */,
				AA04339725754B9800BABCE1 /* KeyboardResponsive.swift */,
			);
			path = WeatherApp;
			sourceTree = "<group>";
		};
		AA158B24256FCD7A0055F55F /* Preview Content */ = {
			isa = PBXGroup;
			children = (
				AA158B25256FCD7A0055F55F /* Preview Assets.xcassets */,
			);
			path = "Preview Content";
			sourceTree = "<group>";
		};
/* End PBXGroup section */

/* Begin PBXNativeTarget section */
		AA158B1A256FCD790055F55F /* WeatherApp */ = {
			isa = PBXNativeTarget;
			buildConfigurationList = AA158B2A256FCD7A0055F55F /* Build configuration list for PBXNativeTarget "WeatherApp" */;
			buildPhases = (
				AA158B17256FCD790055F55F /* Sources */,
				AA158B18256FCD790055F55F /* Frameworks */,
				AA158B19256FCD790055F55F /* Resources */,
			);
			buildRules = (
			);
			dependencies = (
			);
			name = WeatherApp;
			productName = WeatherApp;
			productReference = AA158B1B256FCD790055F55F /* WeatherApp.app */;
			productType = "com.apple.product-type.application";
		};
/* End PBXNativeTarget section */

/* Begin PBXProject section */
		AA158B13256FCD790055F55F /* Project object */ = {
			isa = PBXProject;
			attributes = {
				LastSwiftUpdateCheck = 1220;
				LastUpgradeCheck = 1220;
				TargetAttributes = {
					AA158B1A256FCD790055F55F = {
						CreatedOnToolsVersion = 12.2;
					};
				};
			};
			buildConfigurationList = AA158B16256FCD790055F55F /* Build configuration list for PBXProject "WeatherApp" */;
			compatibilityVersion = "Xcode 9.3";
			developmentRegion = en;
			hasScannedForEncodings = 0;
			knownRegions = (
				en,
				Base,
			);
			mainGroup = AA158B12256FCD790055F55F;
			productRefGroup = AA158B1C256FCD790055F55F /* Products */;
			projectDirPath = "";
			projectRoot = "";
			targets = (
				AA158B1A256FCD790055F55F /* WeatherApp */,
			);
		};
/* End PBXProject section */

/* Begin PBXResourcesBuildPhase section */
		AA158B19256FCD790055F55F /* Resources */ = {
			isa = PBXResourcesBuildPhase;
			buildActionMask = 2147483647;
			files = (
				AA158B26256FCD7A0055F55F /* Preview Assets.xcassets in Resources */,
				AA158B23256FCD7A0055F55F /* Assets.xcassets in Resources */,
			);
			runOnlyForDeploymentPostprocessing = 0;
		};
/* End PBXResourcesBuildPhase section */

/* Begin PBXSourcesBuildPhase section */
		AA158B17256FCD790055F55F /* Sources */ = {
			isa = PBXSourcesBuildPhase;
			buildActionMask = 2147483647;
			files = (
				AA04339825754B9800BABCE1 /* KeyboardResponsive.swift in Sources */,
				AA158B21256FCD790055F55F /* ContentView.swift in Sources */,
				AA158B1F256FCD790055F55F /* WeatherAppApp.swift in Sources */,
				AA934DE12570F78B00E2796A /* WeatherManager.swift in Sources */,
				AA3B74A52572F509002DCA8D /* config.swift in Sources */,
				AA158B30256FCED40055F55F /* WeatherDataFromJSON.swift in Sources */,
			);
			runOnlyForDeploymentPostprocessing = 0;
		};
/* End PBXSourcesBuildPhase section */

/* Begin XCBuildConfiguration section */
		AA158B28256FCD7A0055F55F /* Debug */ = {
			isa = XCBuildConfiguration;
			buildSettings = {
				ALWAYS_SEARCH_USER_PATHS = NO;
				CLANG_ANALYZER_NONNULL = YES;
				CLANG_ANALYZER_NUMBER_OBJECT_CONVERSION = YES_AGGRESSIVE;
				CLANG_CXX_LANGUAGE_STANDARD = "gnu++14";
				CLANG_CXX_LIBRARY = "libc++";
				CLANG_ENABLE_MODULES = YES;
				CLANG_ENABLE_OBJC_ARC = YES;
				CLANG_ENABLE_OBJC_WEAK = YES;
				CLANG_WARN_BLOCK_CAPTURE_AUTORELEASING = YES;
				CLANG_WARN_BOOL_CONVERSION = YES;
				CLANG_WARN_COMMA = YES;
				CLANG_WARN_CONSTANT_CONVERSION = YES;
				CLANG_WARN_DEPRECATED_OBJC_IMPLEMENTATIONS = YES;
				CLANG_WARN_DIRECT_OBJC_ISA_USAGE = YES_ERROR;
				CLANG_WARN_DOCUMENTATION_COMMENTS = YES;
				CLANG_WARN_EMPTY_BODY = YES;
				CLANG_WARN_ENUM_CONVERSION = YES;
				CLANG_WARN_INFINITE_RECURSION = YES;
				CLANG_WARN_INT_CONVERSION = YES;
				CLANG_WARN_NON_LITERAL_NULL_CONVERSION = YES;
				CLANG_WARN_OBJC_IMPLICIT_RETAIN_SELF = YES;
				CLANG_WARN_OBJC_LITERAL_CONVERSION = YES;
				CLANG_WARN_OBJC_ROOT_CLASS = YES_ERROR;
				CLANG_WARN_QUOTED_INCLUDE_IN_FRAMEWORK_HEADER = YES;
				CLANG_WARN_RANGE_LOOP_ANALYSIS = YES;
				CLANG_WARN_STRICT_PROTOTYPES = YES;
				CLANG_WARN_SUSPICIOUS_MOVE = YES;
				CLANG_WARN_UNGUARDED_AVAILABILITY = YES_AGGRESSIVE;
				CLANG_WARN_UNREACHABLE_CODE = YES;
				CLANG_WARN__DUPLICATE_METHOD_MATCH = YES;
				COPY_PHASE_STRIP = NO;
				DEBUG_INFORMATION_FORMAT = dwarf;
				ENABLE_STRICT_OBJC_MSGSEND = YES;
				ENABLE_TESTABILITY = YES;
				GCC_C_LANGUAGE_STANDARD = gnu11;
				GCC_DYNAMIC_NO_PIC = NO;
				GCC_NO_COMMON_BLOCKS = YES;
				GCC_OPTIMIZATION_LEVEL = 0;
				GCC_PREPROCESSOR_DEFINITIONS = (
					"DEBUG=1",
					"$(inherited)",
				);
				GCC_WARN_64_TO_32_BIT_CONVERSION = YES;
				GCC_WARN_ABOUT_RETURN_TYPE = YES_ERROR;
				GCC_WARN_UNDECLARED_SELECTOR = YES;
				GCC_WARN_UNINITIALIZED_AUTOS = YES_AGGRESSIVE;
				GCC_WARN_UNUSED_FUNCTION = YES;
				GCC_WARN_UNUSED_VARIABLE = YES;
				IPHONEOS_DEPLOYMENT_TARGET = 14.2;
				MTL_ENABLE_DEBUG_INFO = INCLUDE_SOURCE;
				MTL_FAST_MATH = YES;
				ONLY_ACTIVE_ARCH = YES;
				SDKROOT = iphoneos;
				SWIFT_ACTIVE_COMPILATION_CONDITIONS = DEBUG;
				SWIFT_OPTIMIZATION_LEVEL = "-Onone";
			};
			name = Debug;
		};
		AA158B29256FCD7A0055F55F /* Release */ = {
			isa = XCBuildConfiguration;
			buildSettings = {
				ALWAYS_SEARCH_USER_PATHS = NO;
				CLANG_ANALYZER_NONNULL = YES;
				CLANG_ANALYZER_NUMBER_OBJECT_CONVERSION = YES_AGGRESSIVE;
				CLANG_CXX_LANGUAGE_STANDARD = "gnu++14";
				CLANG_CXX_LIBRARY = "libc++";
				CLANG_ENABLE_MODULES = YES;
				CLANG_ENABLE_OBJC_ARC = YES;
				CLANG_ENABLE_OBJC_WEAK = YES;
				CLANG_WARN_BLOCK_CAPTURE_AUTORELEASING = YES;
				CLANG_WARN_BOOL_CONVERSION = YES;
				CLANG_WARN_COMMA = YES;
				CLANG_WARN_CONSTANT_CONVERSION = YES;
				CLANG_WARN_DEPRECATED_OBJC_IMPLEMENTATIONS = YES;
				CLANG_WARN_DIRECT_OBJC_ISA_USAGE = YES_ERROR;
				CLANG_WARN_DOCUMENTATION_COMMENTS = YES;
				CLANG_WARN_EMPTY_BODY = YES;
				CLANG_WARN_ENUM_CONVERSION = YES;
				CLANG_WARN_INFINITE_RECURSION = YES;
				CLANG_WARN_INT_CONVERSION = YES;
				CLANG_WARN_NON_LITERAL_NULL_CONVERSION = YES;
				CLANG_WARN_OBJC_IMPLICIT_RETAIN_SELF = YES;
				CLANG_WARN_OBJC_LITERAL_CONVERSION = YES;
				CLANG_WARN_OBJC_ROOT_CLASS = YES_ERROR;
				CLANG_WARN_QUOTED_INCLUDE_IN_FRAMEWORK_HEADER = YES;
				CLANG_WARN_RANGE_LOOP_ANALYSIS = YES;
				CLANG_WARN_STRICT_PROTOTYPES = YES;
				CLANG_WARN_SUSPICIOUS_MOVE = YES;
				CLANG_WARN_UNGUARDED_AVAILABILITY = YES_AGGRESSIVE;
				CLANG_WARN_UNREACHABLE_CODE = YES;
				CLANG_WARN__DUPLICATE_METHOD_MATCH = YES;
				COPY_PHASE_STRIP = NO;
				DEBUG_INFORMATION_FORMAT = "dwarf-with-dsym";
				ENABLE_NS_ASSERTIONS = NO;
				ENABLE_STRICT_OBJC_MSGSEND = YES;
				GCC_C_LANGUAGE_STANDARD = gnu11;
				GCC_NO_COMMON_BLOCKS = YES;
				GCC_WARN_64_TO_32_BIT_CONVERSION = YES;
				GCC_WARN_ABOUT_RETURN_TYPE = YES_ERROR;
				GCC_WARN_UNDECLARED_SELECTOR = YES;
				GCC_WARN_UNINITIALIZED_AUTOS = YES_AGGRESSIVE;
				GCC_WARN_UNUSED_FUNCTION = YES;
				GCC_WARN_UNUSED_VARIABLE = YES;
				IPHONEOS_DEPLOYMENT_TARGET = 14.2;
				MTL_ENABLE_DEBUG_INFO = NO;
				MTL_FAST_MATH = YES;
				SDKROOT = iphoneos;
				SWIFT_COMPILATION_MODE = wholemodule;
				SWIFT_OPTIMIZATION_LEVEL = "-O";
				VALIDATE_PRODUCT = YES;
			};
			name = Release;
		};
		AA158B2B256FCD7A0055F55F /* Debug */ = {
			isa = XCBuildConfiguration;
			buildSettings = {
				ASSETCATALOG_COMPILER_APPICON_NAME = AppIcon;
				ASSETCATALOG_COMPILER_GLOBAL_ACCENT_COLOR_NAME = AccentColor;
				CODE_SIGN_STYLE = Automatic;
				DEVELOPMENT_ASSET_PATHS = "\"WeatherApp/Preview Content\"";
				DEVELOPMENT_TEAM = 3HV23S92WL;
				ENABLE_PREVIEWS = YES;
				INFOPLIST_FILE = WeatherApp/Info.plist;
				IPHONEOS_DEPLOYMENT_TARGET = 14.0;
				LD_RUNPATH_SEARCH_PATHS = (
					"$(inherited)",
					"@executable_path/Frameworks",
				);
				PRODUCT_BUNDLE_IDENTIFIER = com.pazderka.WeatherApp;
				PRODUCT_NAME = "$(TARGET_NAME)";
				SWIFT_VERSION = 5.0;
				TARGETED_DEVICE_FAMILY = "1,2";
			};
			name = Debug;
		};
		AA158B2C256FCD7A0055F55F /* Release */ = {
			isa = XCBuildConfiguration;
			buildSettings = {
				ASSETCATALOG_COMPILER_APPICON_NAME = AppIcon;
				ASSETCATALOG_COMPILER_GLOBAL_ACCENT_COLOR_NAME = AccentColor;
				CODE_SIGN_STYLE = Automatic;
				DEVELOPMENT_ASSET_PATHS = "\"WeatherApp/Preview Content\"";
				DEVELOPMENT_TEAM = 3HV23S92WL;
				ENABLE_PREVIEWS = YES;
				INFOPLIST_FILE = WeatherApp/Info.plist;
				IPHONEOS_DEPLOYMENT_TARGET = 14.0;
				LD_RUNPATH_SEARCH_PATHS = (
					"$(inherited)",
					"@executable_path/Frameworks",
				);
				PRODUCT_BUNDLE_IDENTIFIER = com.pazderka.WeatherApp;
				PRODUCT_NAME = "$(TARGET_NAME)";
				SWIFT_VERSION = 5.0;
				TARGETED_DEVICE_FAMILY = "1,2";
			};
			name = Release;
		};
/* End XCBuildConfiguration section */

/* Begin XCConfigurationList section */
		AA158B16256FCD790055F55F /* Build configuration list for PBXProject "WeatherApp" */ = {
			isa = XCConfigurationList;
			buildConfigurations = (
				AA158B28256FCD7A0055F55F /* Debug */,
				AA158B29256FCD7A0055F55F /* Release */,
			);
			defaultConfigurationIsVisible = 0;
			defaultConfigurationName = Release;
		};
		AA158B2A256FCD7A0055F55F /* Build configuration list for PBXNativeTarget "WeatherApp" */ = {
			isa = XCConfigurationList;
			buildConfigurations = (
				AA158B2B256FCD7A0055F55F /* Debug */,
				AA158B2C256FCD7A0055F55F /* Release */,
			);
			defaultConfigurationIsVisible = 0;
			defaultConfigurationName = Release;
		};
/* End XCConfigurationList section */
	};
	rootObject = AA158B13256FCD790055F55F /* Project object */;
}
