// !$*UTF8*$!
{
	archiveVersion = 1;
	classes = {
	};
	objectVersion = 50;
	objects = {

/* Begin PBXBuildFile section */
		7F57B592259F993E00A50907 /* Date+Comparable.swift in Sources */ = {isa = PBXBuildFile; fileRef = 7F57B591259F993E00A50907 /* Date+Comparable.swift */; };
		7F8C1ACB257EC2ED00D2563C /* key.txt in Resources */ = {isa = PBXBuildFile; fileRef = 7F8C1ACA257EC2ED00D2563C /* key.txt */; };
		7F8F9C75257FA53700CBE7EF /* CLLocationCoordinate2D+Equatable.swift in Sources */ = {isa = PBXBuildFile; fileRef = 7F8F9C74257FA53700CBE7EF /* CLLocationCoordinate2D+Equatable.swift */; };
		7F9D1ECF29B6B16800F4E2ED /* ClearButton.swift in Sources */ = {isa = PBXBuildFile; fileRef = 7F9D1ECE29B6B16800F4E2ED /* ClearButton.swift */; };
		AA04339825754B9800BABCE1 /* KeyboardResponsive.swift in Sources */ = {isa = PBXBuildFile; fileRef = AA04339725754B9800BABCE1 /* KeyboardResponsive.swift */; };
		AA158B1F256FCD790055F55F /* WeatherApp.swift in Sources */ = {isa = PBXBuildFile; fileRef = AA158B1E256FCD790055F55F /* WeatherApp.swift */; };
		AA158B21256FCD790055F55F /* MasterView.swift in Sources */ = {isa = PBXBuildFile; fileRef = AA158B20256FCD790055F55F /* MasterView.swift */; };
		AA158B23256FCD7A0055F55F /* Assets.xcassets in Resources */ = {isa = PBXBuildFile; fileRef = AA158B22256FCD7A0055F55F /* Assets.xcassets */; };
		AA158B30256FCED40055F55F /* WeatherData+Codable.swift in Sources */ = {isa = PBXBuildFile; fileRef = AA158B2F256FCED40055F55F /* WeatherData+Codable.swift */; };
		AA666B68257664C700EFBE82 /* MKCoordinateRegion+Equatable.swift in Sources */ = {isa = PBXBuildFile; fileRef = AA666B67257664C700EFBE82 /* MKCoordinateRegion+Equatable.swift */; };
		AA8C5296257E51C10020B774 /* MasterViewModel.swift in Sources */ = {isa = PBXBuildFile; fileRef = AA8C5295257E51C10020B774 /* MasterViewModel.swift */; };
		AA8C5299257E546E0020B774 /* WeatherRecord.swift in Sources */ = {isa = PBXBuildFile; fileRef = AA8C5298257E546E0020B774 /* WeatherRecord.swift */; };
		AA934DE12570F78B00E2796A /* WeatherService.swift in Sources */ = {isa = PBXBuildFile; fileRef = AA934DE02570F78B00E2796A /* WeatherService.swift */; };
		AA93F7AA25792DE60039D7A9 /* CLLocation+Distance.swift in Sources */ = {isa = PBXBuildFile; fileRef = AA93F7A925792DE60039D7A9 /* CLLocation+Distance.swift */; };
		AAD12CBB257726E400EB7F1A /* Double+Truncate.swift in Sources */ = {isa = PBXBuildFile; fileRef = AAD12CBA257726E000EB7F1A /* Double+Truncate.swift */; };
/* End PBXBuildFile section */

/* Begin PBXFileReference section */
		7F57B591259F993E00A50907 /* Date+Comparable.swift */ = {isa = PBXFileReference; lastKnownFileType = sourcecode.swift; path = "Date+Comparable.swift"; sourceTree = "<group>"; };
		7F8C1ACA257EC2ED00D2563C /* key.txt */ = {isa = PBXFileReference; lastKnownFileType = text; path = key.txt; sourceTree = "<group>"; };
		7F8F9C74257FA53700CBE7EF /* CLLocationCoordinate2D+Equatable.swift */ = {isa = PBXFileReference; lastKnownFileType = sourcecode.swift; path = "CLLocationCoordinate2D+Equatable.swift"; sourceTree = "<group>"; };
		7F9D1ECE29B6B16800F4E2ED /* ClearButton.swift */ = {isa = PBXFileReference; lastKnownFileType = sourcecode.swift; path = ClearButton.swift; sourceTree = "<group>"; };
		7FEF34A32594D0A700CA0574 /* WeatherApp.entitlements */ = {isa = PBXFileReference; lastKnownFileType = text.plist.entitlements; path = WeatherApp.entitlements; sourceTree = "<group>"; };
		AA04339725754B9800BABCE1 /* KeyboardResponsive.swift */ = {isa = PBXFileReference; lastKnownFileType = sourcecode.swift; path = KeyboardResponsive.swift; sourceTree = "<group>"; };
		AA158B1B256FCD790055F55F /* WeatherApp.app */ = {isa = PBXFileReference; explicitFileType = wrapper.application; includeInIndex = 0; path = WeatherApp.app; sourceTree = BUILT_PRODUCTS_DIR; };
		AA158B1E256FCD790055F55F /* WeatherApp.swift */ = {isa = PBXFileReference; lastKnownFileType = sourcecode.swift; path = WeatherApp.swift; sourceTree = "<group>"; };
		AA158B20256FCD790055F55F /* MasterView.swift */ = {isa = PBXFileReference; lastKnownFileType = sourcecode.swift; path = MasterView.swift; sourceTree = "<group>"; };
		AA158B22256FCD7A0055F55F /* Assets.xcassets */ = {isa = PBXFileReference; lastKnownFileType = folder.assetcatalog; path = Assets.xcassets; sourceTree = "<group>"; };
		AA158B27256FCD7A0055F55F /* Info.plist */ = {isa = PBXFileReference; lastKnownFileType = text.plist.xml; path = Info.plist; sourceTree = "<group>"; };
		AA158B2F256FCED40055F55F /* WeatherData+Codable.swift */ = {isa = PBXFileReference; lastKnownFileType = sourcecode.swift; path = "WeatherData+Codable.swift"; sourceTree = "<group>"; };
		AA666B67257664C700EFBE82 /* MKCoordinateRegion+Equatable.swift */ = {isa = PBXFileReference; lastKnownFileType = sourcecode.swift; path = "MKCoordinateRegion+Equatable.swift"; sourceTree = "<group>"; };
		AA8C5295257E51C10020B774 /* MasterViewModel.swift */ = {isa = PBXFileReference; lastKnownFileType = sourcecode.swift; path = MasterViewModel.swift; sourceTree = "<group>"; };
		AA8C5298257E546E0020B774 /* WeatherRecord.swift */ = {isa = PBXFileReference; lastKnownFileType = sourcecode.swift; path = WeatherRecord.swift; sourceTree = "<group>"; };
		AA934DE02570F78B00E2796A /* WeatherService.swift */ = {isa = PBXFileReference; lastKnownFileType = sourcecode.swift; path = WeatherService.swift; sourceTree = "<group>"; };
		AA93F7A925792DE60039D7A9 /* CLLocation+Distance.swift */ = {isa = PBXFileReference; lastKnownFileType = sourcecode.swift; path = "CLLocation+Distance.swift"; sourceTree = "<group>"; };
		AAD12CBA257726E000EB7F1A /* Double+Truncate.swift */ = {isa = PBXFileReference; lastKnownFileType = sourcecode.swift; path = "Double+Truncate.swift"; sourceTree = "<group>"; };
/* End PBXFileReference section */

/* Begin PBXFrameworksBuildPhase section */
		AA158B18256FCD790055F55F /* Frameworks */ = {
			isa = PBXFrameworksBuildPhase;
			buildActionMask = 2147483647;
			files = (
			);
			runOnlyForDeploymentPostprocessing = 0;
		};
/* End PBXFrameworksBuildPhase section */

/* Begin PBXGroup section */
		7F4930FF2582D82400758474 /* ViewModel */ = {
			isa = PBXGroup;
			children = (
				AA8C5295257E51C10020B774 /* MasterViewModel.swift */,
			);
			path = ViewModel;
			sourceTree = "<group>";
		};
		7F4931012582D82B00758474 /* Model */ = {
			isa = PBXGroup;
			children = (
				AA8C5298257E546E0020B774 /* WeatherRecord.swift */,
				AA934DE02570F78B00E2796A /* WeatherService.swift */,
			);
			path = Model;
			sourceTree = "<group>";
		};
		7F90917C29B6B069001D5A21 /* Utils */ = {
			isa = PBXGroup;
			children = (
				AAD12CBA257726E000EB7F1A /* Double+Truncate.swift */,
				AA158B2F256FCED40055F55F /* WeatherData+Codable.swift */,
				AA666B67257664C700EFBE82 /* MKCoordinateRegion+Equatable.swift */,
				7F8F9C74257FA53700CBE7EF /* CLLocationCoordinate2D+Equatable.swift */,
				AA93F7A925792DE60039D7A9 /* CLLocation+Distance.swift */,
				7F57B591259F993E00A50907 /* Date+Comparable.swift */,
				7F9D1ECE29B6B16800F4E2ED /* ClearButton.swift */,
			);
			path = Utils;
			sourceTree = "<group>";
		};
		7FC59D1B2AC9ECEB0051BF02 /* Views */ = {
			isa = PBXGroup;
			children = (
				AA158B20256FCD790055F55F /* MasterView.swift */,
			);
			path = Views;
			sourceTree = "<group>";
		};
		7FDAF02A2583EB1600FBB9A1 /* Libraries */ = {
			isa = PBXGroup;
			children = (
				AA04339725754B9800BABCE1 /* KeyboardResponsive.swift */,
			);
			path = Libraries;
			sourceTree = "<group>";
		};
		AA158B12256FCD790055F55F = {
			isa = PBXGroup;
			children = (
				AA158B1D256FCD790055F55F /* WeatherApp */,
				AA158B1C256FCD790055F55F /* Products */,
			);
			sourceTree = "<group>";
		};
		AA158B1C256FCD790055F55F /* Products */ = {
			isa = PBXGroup;
			children = (
				AA158B1B256FCD790055F55F /* WeatherApp.app */,
			);
			name = Products;
			sourceTree = "<group>";
		};
		AA158B1D256FCD790055F55F /* WeatherApp */ = {
			isa = PBXGroup;
			children = (
				7FC59D1B2AC9ECEB0051BF02 /* Views */,
				7F90917C29B6B069001D5A21 /* Utils */,
				7F4930FF2582D82400758474 /* ViewModel */,
				7F4931012582D82B00758474 /* Model */,
				7FDAF02A2583EB1600FBB9A1 /* Libraries */,
				AA158B1E256FCD790055F55F /* WeatherApp.swift */,
				7FEF34A32594D0A700CA0574 /* WeatherApp.entitlements */,
				7F8C1ACA257EC2ED00D2563C /* key.txt */,
				AA158B22256FCD7A0055F55F /* Assets.xcassets */,
				AA158B27256FCD7A0055F55F /* Info.plist */,
			);
			path = WeatherApp;
			sourceTree = "<group>";
		};
/* End PBXGroup section */

/* Begin PBXNativeTarget section */
		AA158B1A256FCD790055F55F /* WeatherApp */ = {
			isa = PBXNativeTarget;
			buildConfigurationList = AA158B2A256FCD7A0055F55F /* Build configuration list for PBXNativeTarget "WeatherApp" */;
			buildPhases = (
				AA158B17256FCD790055F55F /* Sources */,
				AA158B18256FCD790055F55F /* Frameworks */,
				AA158B19256FCD790055F55F /* Resources */,
			);
			buildRules = (
			);
			dependencies = (
			);
			name = WeatherApp;
			packageProductDependencies = (
			);
			productName = WeatherApp;
			productReference = AA158B1B256FCD790055F55F /* WeatherApp.app */;
			productType = "com.apple.product-type.application";
		};
/* End PBXNativeTarget section */

/* Begin PBXProject section */
		AA158B13256FCD790055F55F /* Project object */ = {
			isa = PBXProject;
			attributes = {
				LastSwiftUpdateCheck = 1220;
				LastUpgradeCheck = 1220;
				TargetAttributes = {
					AA158B1A256FCD790055F55F = {
						CreatedOnToolsVersion = 12.2;
					};
				};
			};
			buildConfigurationList = AA158B16256FCD790055F55F /* Build configuration list for PBXProject "WeatherApp" */;
			compatibilityVersion = "Xcode 9.3";
			developmentRegion = en;
			hasScannedForEncodings = 0;
			knownRegions = (
				en,
				Base,
			);
			mainGroup = AA158B12256FCD790055F55F;
			packageReferences = (
			);
			productRefGroup = AA158B1C256FCD790055F55F /* Products */;
			projectDirPath = "";
			projectRoot = "";
			targets = (
				AA158B1A256FCD790055F55F /* WeatherApp */,
			);
		};
/* End PBXProject section */

/* Begin PBXResourcesBuildPhase section */
		AA158B19256FCD790055F55F /* Resources */ = {
			isa = PBXResourcesBuildPhase;
			buildActionMask = 2147483647;
			files = (
				7F8C1ACB257EC2ED00D2563C /* key.txt in Resources */,
				AA158B23256FCD7A0055F55F /* Assets.xcassets in Resources */,
			);
			runOnlyForDeploymentPostprocessing = 0;
		};
/* End PBXResourcesBuildPhase section */

/* Begin PBXSourcesBuildPhase section */
		AA158B17256FCD790055F55F /* Sources */ = {
			isa = PBXSourcesBuildPhase;
			buildActionMask = 2147483647;
			files = (
				7F57B592259F993E00A50907 /* Date+Comparable.swift in Sources */,
				AA8C5299257E546E0020B774 /* WeatherRecord.swift in Sources */,
				7F8F9C75257FA53700CBE7EF /* CLLocationCoordinate2D+Equatable.swift in Sources */,
				AA666B68257664C700EFBE82 /* MKCoordinateRegion+Equatable.swift in Sources */,
				AA04339825754B9800BABCE1 /* KeyboardResponsive.swift in Sources */,
				AA93F7AA25792DE60039D7A9 /* CLLocation+Distance.swift in Sources */,
				AA8C5296257E51C10020B774 /* MasterViewModel.swift in Sources */,
				AA158B21256FCD790055F55F /* MasterView.swift in Sources */,
				AAD12CBB257726E400EB7F1A /* Double+Truncate.swift in Sources */,
				AA158B1F256FCD790055F55F /* WeatherApp.swift in Sources */,
				AA934DE12570F78B00E2796A /* WeatherService.swift in Sources */,
				AA158B30256FCED40055F55F /* WeatherData+Codable.swift in Sources */,
				7F9D1ECF29B6B16800F4E2ED /* ClearButton.swift in Sources */,
			);
			runOnlyForDeploymentPostprocessing = 0;
		};
/* End PBXSourcesBuildPhase section */

/* Begin XCBuildConfiguration section */
		AA158B28256FCD7A0055F55F /* Debug */ = {
			isa = XCBuildConfiguration;
			buildSettings = {
				ALWAYS_SEARCH_USER_PATHS = NO;
				CLANG_ANALYZER_NONNULL = YES;
				CLANG_ANALYZER_NUMBER_OBJECT_CONVERSION = YES_AGGRESSIVE;
				CLANG_CXX_LANGUAGE_STANDARD = "gnu++14";
				CLANG_CXX_LIBRARY = "libc++";
				CLANG_ENABLE_MODULES = YES;
				CLANG_ENABLE_OBJC_ARC = YES;
				CLANG_ENABLE_OBJC_WEAK = YES;
				CLANG_WARN_BLOCK_CAPTURE_AUTORELEASING = YES;
				CLANG_WARN_BOOL_CONVERSION = YES;
				CLANG_WARN_COMMA = YES;
				CLANG_WARN_CONSTANT_CONVERSION = YES;
				CLANG_WARN_DEPRECATED_OBJC_IMPLEMENTATIONS = YES;
				CLANG_WARN_DIRECT_OBJC_ISA_USAGE = YES_ERROR;
				CLANG_WARN_DOCUMENTATION_COMMENTS = YES;
				CLANG_WARN_EMPTY_BODY = YES;
				CLANG_WARN_ENUM_CONVERSION = YES;
				CLANG_WARN_INFINITE_RECURSION = YES;
				CLANG_WARN_INT_CONVERSION = YES;
				CLANG_WARN_NON_LITERAL_NULL_CONVERSION = YES;
				CLANG_WARN_OBJC_IMPLICIT_RETAIN_SELF = YES;
				CLANG_WARN_OBJC_LITERAL_CONVERSION = YES;
				CLANG_WARN_OBJC_ROOT_CLASS = YES_ERROR;
				CLANG_WARN_QUOTED_INCLUDE_IN_FRAMEWORK_HEADER = YES;
				CLANG_WARN_RANGE_LOOP_ANALYSIS = YES;
				CLANG_WARN_STRICT_PROTOTYPES = YES;
				CLANG_WARN_SUSPICIOUS_MOVE = YES;
				CLANG_WARN_UNGUARDED_AVAILABILITY = YES_AGGRESSIVE;
				CLANG_WARN_UNREACHABLE_CODE = YES;
				CLANG_WARN__DUPLICATE_METHOD_MATCH = YES;
				COPY_PHASE_STRIP = NO;
				DEBUG_INFORMATION_FORMAT = dwarf;
				ENABLE_STRICT_OBJC_MSGSEND = YES;
				ENABLE_TESTABILITY = YES;
				GCC_C_LANGUAGE_STANDARD = gnu11;
				GCC_DYNAMIC_NO_PIC = NO;
				GCC_NO_COMMON_BLOCKS = YES;
				GCC_OPTIMIZATION_LEVEL = 0;
				GCC_PREPROCESSOR_DEFINITIONS = (
					"DEBUG=1",
					"$(inherited)",
				);
				GCC_WARN_64_TO_32_BIT_CONVERSION = YES;
				GCC_WARN_ABOUT_RETURN_TYPE = YES_ERROR;
				GCC_WARN_UNDECLARED_SELECTOR = YES;
				GCC_WARN_UNINITIALIZED_AUTOS = YES_AGGRESSIVE;
				GCC_WARN_UNUSED_FUNCTION = YES;
				GCC_WARN_UNUSED_VARIABLE = YES;
				IPHONEOS_DEPLOYMENT_TARGET = 14.2;
				MTL_ENABLE_DEBUG_INFO = INCLUDE_SOURCE;
				MTL_FAST_MATH = YES;
				ONLY_ACTIVE_ARCH = YES;
				SDKROOT = iphoneos;
				SWIFT_ACTIVE_COMPILATION_CONDITIONS = DEBUG;
				SWIFT_OPTIMIZATION_LEVEL = "-Onone";
			};
			name = Debug;
		};
		AA158B29256FCD7A0055F55F /* Release */ = {
			isa = XCBuildConfiguration;
			buildSettings = {
				ALWAYS_SEARCH_USER_PATHS = NO;
				CLANG_ANALYZER_NONNULL = YES;
				CLANG_ANALYZER_NUMBER_OBJECT_CONVERSION = YES_AGGRESSIVE;
				CLANG_CXX_LANGUAGE_STANDARD = "gnu++14";
				CLANG_CXX_LIBRARY = "libc++";
				CLANG_ENABLE_MODULES = YES;
				CLANG_ENABLE_OBJC_ARC = YES;
				CLANG_ENABLE_OBJC_WEAK = YES;
				CLANG_WARN_BLOCK_CAPTURE_AUTORELEASING = YES;
				CLANG_WARN_BOOL_CONVERSION = YES;
				CLANG_WARN_COMMA = YES;
				CLANG_WARN_CONSTANT_CONVERSION = YES;
				CLANG_WARN_DEPRECATED_OBJC_IMPLEMENTATIONS = YES;
				CLANG_WARN_DIRECT_OBJC_ISA_USAGE = YES_ERROR;
				CLANG_WARN_DOCUMENTATION_COMMENTS = YES;
				CLANG_WARN_EMPTY_BODY = YES;
				CLANG_WARN_ENUM_CONVERSION = YES;
				CLANG_WARN_INFINITE_RECURSION = YES;
				CLANG_WARN_INT_CONVERSION = YES;
				CLANG_WARN_NON_LITERAL_NULL_CONVERSION = YES;
				CLANG_WARN_OBJC_IMPLICIT_RETAIN_SELF = YES;
				CLANG_WARN_OBJC_LITERAL_CONVERSION = YES;
				CLANG_WARN_OBJC_ROOT_CLASS = YES_ERROR;
				CLANG_WARN_QUOTED_INCLUDE_IN_FRAMEWORK_HEADER = YES;
				CLANG_WARN_RANGE_LOOP_ANALYSIS = YES;
				CLANG_WARN_STRICT_PROTOTYPES = YES;
				CLANG_WARN_SUSPICIOUS_MOVE = YES;
				CLANG_WARN_UNGUARDED_AVAILABILITY = YES_AGGRESSIVE;
				CLANG_WARN_UNREACHABLE_CODE = YES;
				CLANG_WARN__DUPLICATE_METHOD_MATCH = YES;
				COPY_PHASE_STRIP = NO;
				DEBUG_INFORMATION_FORMAT = "dwarf-with-dsym";
				ENABLE_NS_ASSERTIONS = NO;
				ENABLE_STRICT_OBJC_MSGSEND = YES;
				GCC_C_LANGUAGE_STANDARD = gnu11;
				GCC_NO_COMMON_BLOCKS = YES;
				GCC_WARN_64_TO_32_BIT_CONVERSION = YES;
				GCC_WARN_ABOUT_RETURN_TYPE = YES_ERROR;
				GCC_WARN_UNDECLARED_SELECTOR = YES;
				GCC_WARN_UNINITIALIZED_AUTOS = YES_AGGRESSIVE;
				GCC_WARN_UNUSED_FUNCTION = YES;
				GCC_WARN_UNUSED_VARIABLE = YES;
				IPHONEOS_DEPLOYMENT_TARGET = 14.2;
				MTL_ENABLE_DEBUG_INFO = NO;
				MTL_FAST_MATH = YES;
				SDKROOT = iphoneos;
				SWIFT_COMPILATION_MODE = wholemodule;
				SWIFT_OPTIMIZATION_LEVEL = "-O";
				VALIDATE_PRODUCT = YES;
			};
			name = Release;
		};
		AA158B2B256FCD7A0055F55F /* Debug */ = {
			isa = XCBuildConfiguration;
			buildSettings = {
				ASSETCATALOG_COMPILER_APPICON_NAME = AppIcon;
				ASSETCATALOG_COMPILER_GLOBAL_ACCENT_COLOR_NAME = AccentColor;
				CODE_SIGN_ENTITLEMENTS = WeatherApp/WeatherApp.entitlements;
				CODE_SIGN_STYLE = Automatic;
				DEVELOPMENT_ASSET_PATHS = "\"WeatherApp/Preview Content\"";
				DEVELOPMENT_TEAM = 3HV23S92WL;
				ENABLE_PREVIEWS = YES;
				INFOPLIST_FILE = WeatherApp/Info.plist;
				IPHONEOS_DEPLOYMENT_TARGET = 14.0;
				LD_RUNPATH_SEARCH_PATHS = (
					"$(inherited)",
					"@executable_path/Frameworks",
				);
				PRODUCT_BUNDLE_IDENTIFIER = com.pazderka.WeatherApp;
				PRODUCT_NAME = "$(TARGET_NAME)";
				SUPPORTS_MACCATALYST = YES;
				SWIFT_VERSION = 5.0;
				TARGETED_DEVICE_FAMILY = "1,2";
			};
			name = Debug;
		};
		AA158B2C256FCD7A0055F55F /* Release */ = {
			isa = XCBuildConfiguration;
			buildSettings = {
				ASSETCATALOG_COMPILER_APPICON_NAME = AppIcon;
				ASSETCATALOG_COMPILER_GLOBAL_ACCENT_COLOR_NAME = AccentColor;
				CODE_SIGN_ENTITLEMENTS = WeatherApp/WeatherApp.entitlements;
				CODE_SIGN_STYLE = Automatic;
				DEVELOPMENT_ASSET_PATHS = "\"WeatherApp/Preview Content\"";
				DEVELOPMENT_TEAM = 3HV23S92WL;
				ENABLE_PREVIEWS = YES;
				INFOPLIST_FILE = WeatherApp/Info.plist;
				IPHONEOS_DEPLOYMENT_TARGET = 14.0;
				LD_RUNPATH_SEARCH_PATHS = (
					"$(inherited)",
					"@executable_path/Frameworks",
				);
				PRODUCT_BUNDLE_IDENTIFIER = com.pazderka.WeatherApp;
				PRODUCT_NAME = "$(TARGET_NAME)";
				SUPPORTS_MACCATALYST = YES;
				SWIFT_VERSION = 5.0;
				TARGETED_DEVICE_FAMILY = "1,2";
			};
			name = Release;
		};
/* End XCBuildConfiguration section */

/* Begin XCConfigurationList section */
		AA158B16256FCD790055F55F /* Build configuration list for PBXProject "WeatherApp" */ = {
			isa = XCConfigurationList;
			buildConfigurations = (
				AA158B28256FCD7A0055F55F /* Debug */,
				AA158B29256FCD7A0055F55F /* Release */,
			);
			defaultConfigurationIsVisible = 0;
			defaultConfigurationName = Release;
		};
		AA158B2A256FCD7A0055F55F /* Build configuration list for PBXNativeTarget "WeatherApp" */ = {
			isa = XCConfigurationList;
			buildConfigurations = (
				AA158B2B256FCD7A0055F55F /* Debug */,
				AA158B2C256FCD7A0055F55F /* Release */,
			);
			defaultConfigurationIsVisible = 0;
			defaultConfigurationName = Release;
		};
/* End XCConfigurationList section */
	};
	rootObject = AA158B13256FCD790055F55F /* Project object */;
}
